
Microsoft Visual Studio Solution File, Format Version 12.00
# Visual Studio Version 17
VisualStudioVersion = 17.1.31911.260
MinimumVisualStudioVersion = 10.0.40219.1
Project("{2150E333-8FDC-42A3-9474-1A3956D46DE8}") = "src", "src", "{9B78944B-4ECE-439B-A987-2591D6B1F728}"
EndProject
Project("{2150E333-8FDC-42A3-9474-1A3956D46DE8}") = "Solution Items", "Solution Items", "{6213C88A-A7D4-4EFD-A75D-392C9F7E6421}"
	ProjectSection(SolutionItems) = preProject
		.gitignore = .gitignore
		common.props = common.props
		LICENSE = LICENSE
		README.md = README.md
	EndProjectSection
EndProject
Project("{9A19103F-16F7-4668-BE54-9A1E7A4F7556}") = "DotNurse.Injector", "src\DotNurse.Injector\DotNurse.Injector.csproj", "{896BD1D9-3F7A-41CE-8786-2D9768D5AA06}"
EndProject
Project("{2150E333-8FDC-42A3-9474-1A3956D46DE8}") = "tests", "tests", "{8A68FD90-4A34-452A-B454-28972288AA04}"
EndProject
Project("{9A19103F-16F7-4668-BE54-9A1E7A4F7556}") = "DotNurse.Injector.Tests", "tests\DotNurse.Injector.Tests\DotNurse.Injector.Tests.csproj", "{C3384935-BC39-47B1-B399-ED97EF47EFDD}"
EndProject
Project("{2150E333-8FDC-42A3-9474-1A3956D46DE8}") = "sandbox", "sandbox", "{4400B44A-BAFB-4F3A-A7BC-F61C935BB7AE}"
EndProject
Project("{9A19103F-16F7-4668-BE54-9A1E7A4F7556}") = "MultiLayeredService", "sandbox\MultiLayeredService\MultiLayeredService.csproj", "{1ABE47FE-DCF3-40D5-84D1-853AD22BFF33}"
EndProject
Project("{9A19103F-16F7-4668-BE54-9A1E7A4F7556}") = "MultiLayeredService.Repositories", "sandbox\MultiLayeredService.Repositories\MultiLayeredService.Repositories.csproj", "{F358A51F-FBC3-4E0C-AC8C-B12FDD325383}"
EndProject
Project("{9A19103F-16F7-4668-BE54-9A1E7A4F7556}") = "DotNurse.Injector.AspNetCore", "src\DotNurse.Injector.AspNetCore\DotNurse.Injector.AspNetCore.csproj", "{8EEF344E-B72D-4F3D-9C93-1CCE6D8A64FA}"
EndProject
Project("{9A19103F-16F7-4668-BE54-9A1E7A4F7556}") = "DotNurse.Injector.Benchmark", "tests\DotNurse.Injector.Benchmark\DotNurse.Injector.Benchmark.csproj", "{7A326C13-4F8E-4602-8AFF-B15DE72C7929}"
EndProject
Project("{9A19103F-16F7-4668-BE54-9A1E7A4F7556}") = "DotNurse.Injector.LazyProxy", "src\DotNurse.Injector.LazyProxy\DotNurse.Injector.LazyProxy.csproj", "{9FB7246D-5471-494D-8E7D-51395B54B9E1}"
EndProject
Global
	GlobalSection(SolutionConfigurationPlatforms) = preSolution
		Debug|Any CPU = Debug|Any CPU
		Release|Any CPU = Release|Any CPU
	EndGlobalSection
	GlobalSection(ProjectConfigurationPlatforms) = postSolution
		{896BD1D9-3F7A-41CE-8786-2D9768D5AA06}.Debug|Any CPU.ActiveCfg = Debug|Any CPU
		{896BD1D9-3F7A-41CE-8786-2D9768D5AA06}.Debug|Any CPU.Build.0 = Debug|Any CPU
		{896BD1D9-3F7A-41CE-8786-2D9768D5AA06}.Release|Any CPU.ActiveCfg = Release|Any CPU
		{896BD1D9-3F7A-41CE-8786-2D9768D5AA06}.Release|Any CPU.Build.0 = Release|Any CPU
		{C3384935-BC39-47B1-B399-ED97EF47EFDD}.Debug|Any CPU.ActiveCfg = Debug|Any CPU
		{C3384935-BC39-47B1-B399-ED97EF47EFDD}.Debug|Any CPU.Build.0 = Debug|Any CPU
		{C3384935-BC39-47B1-B399-ED97EF47EFDD}.Release|Any CPU.ActiveCfg = Release|Any CPU
		{C3384935-BC39-47B1-B399-ED97EF47EFDD}.Release|Any CPU.Build.0 = Release|Any CPU
		{1ABE47FE-DCF3-40D5-84D1-853AD22BFF33}.Debug|Any CPU.ActiveCfg = Debug|Any CPU
		{1ABE47FE-DCF3-40D5-84D1-853AD22BFF33}.Debug|Any CPU.Build.0 = Debug|Any CPU
		{1ABE47FE-DCF3-40D5-84D1-853AD22BFF33}.Release|Any CPU.ActiveCfg = Release|Any CPU
		{1ABE47FE-DCF3-40D5-84D1-853AD22BFF33}.Release|Any CPU.Build.0 = Release|Any CPU
		{F358A51F-FBC3-4E0C-AC8C-B12FDD325383}.Debug|Any CPU.ActiveCfg = Debug|Any CPU
		{F358A51F-FBC3-4E0C-AC8C-B12FDD325383}.Debug|Any CPU.Build.0 = Debug|Any CPU
		{F358A51F-FBC3-4E0C-AC8C-B12FDD325383}.Release|Any CPU.ActiveCfg = Release|Any CPU
		{F358A51F-FBC3-4E0C-AC8C-B12FDD325383}.Release|Any CPU.Build.0 = Release|Any CPU
		{8EEF344E-B72D-4F3D-9C93-1CCE6D8A64FA}.Debug|Any CPU.ActiveCfg = Debug|Any CPU
		{8EEF344E-B72D-4F3D-9C93-1CCE6D8A64FA}.Debug|Any CPU.Build.0 = Debug|Any CPU
		{8EEF344E-B72D-4F3D-9C93-1CCE6D8A64FA}.Release|Any CPU.ActiveCfg = Release|Any CPU
		{8EEF344E-B72D-4F3D-9C93-1CCE6D8A64FA}.Release|Any CPU.Build.0 = Release|Any CPU
		{7A326C13-4F8E-4602-8AFF-B15DE72C7929}.Debug|Any CPU.ActiveCfg = Debug|Any CPU
		{7A326C13-4F8E-4602-8AFF-B15DE72C7929}.Debug|Any CPU.Build.0 = Debug|Any CPU
		{7A326C13-4F8E-4602-8AFF-B15DE72C7929}.Release|Any CPU.ActiveCfg = Release|Any CPU
		{7A326C13-4F8E-4602-8AFF-B15DE72C7929}.Release|Any CPU.Build.0 = Release|Any CPU
		{9FB7246D-5471-494D-8E7D-51395B54B9E1}.Debug|Any CPU.ActiveCfg = Debug|Any CPU
		{9FB7246D-5471-494D-8E7D-51395B54B9E1}.Debug|Any CPU.Build.0 = Debug|Any CPU
		{9FB7246D-5471-494D-8E7D-51395B54B9E1}.Release|Any CPU.ActiveCfg = Release|Any CPU
		{9FB7246D-5471-494D-8E7D-51395B54B9E1}.Release|Any CPU.Build.0 = Release|Any CPU
	EndGlobalSection
	GlobalSection(SolutionProperties) = preSolution
		HideSolutionNode = FALSE
	EndGlobalSection
	GlobalSection(NestedProjects) = preSolution
		{896BD1D9-3F7A-41CE-8786-2D9768D5AA06} = {9B78944B-4ECE-439B-A987-2591D6B1F728}
		{C3384935-BC39-47B1-B399-ED97EF47EFDD} = {8A68FD90-4A34-452A-B454-28972288AA04}
		{1ABE47FE-DCF3-40D5-84D1-853AD22BFF33} = {4400B44A-BAFB-4F3A-A7BC-F61C935BB7AE}
		{F358A51F-FBC3-4E0C-AC8C-B12FDD325383} = {4400B44A-BAFB-4F3A-A7BC-F61C935BB7AE}
		{8EEF344E-B72D-4F3D-9C93-1CCE6D8A64FA} = {9B78944B-4ECE-439B-A987-2591D6B1F728}
		{7A326C13-4F8E-4602-8AFF-B15DE72C7929} = {8A68FD90-4A34-452A-B454-28972288AA04}
		{9FB7246D-5471-494D-8E7D-51395B54B9E1} = {9B78944B-4ECE-439B-A987-2591D6B1F728}
	EndGlobalSection
	GlobalSection(ExtensibilityGlobals) = postSolution
		SolutionGuid = {75503A2F-DC31-4EB0-922A-B36B1E2492F6}
	EndGlobalSection
EndGlobal
