
Microsoft Visual Studio Solution File, Format Version 12.00
# Visual Studio Version 16
VisualStudioVersion = 16.0.30626.31
MinimumVisualStudioVersion = 10.0.40219.1
Project("{2150E333-8FDC-42A3-9474-1A3956D46DE8}") = "src", "src", "{D04FB245-389F-4E33-8B1E-54DD7F2A9E58}"
EndProject
Project("{FAE04EC0-301F-11D3-BF4B-00C04F79EFBC}") = "DotNurse.Injector", "src\DotNurse.Injector\DotNurse.Injector.csproj", "{7F566E6B-60C9-4610-8D06-0EE3B9CB2A72}"
EndProject
Project("{2150E333-8FDC-42A3-9474-1A3956D46DE8}") = "Solution Items", "Solution Items", "{AAB37C17-D4EE-43A7-88A9-7F6173AD535B}"
	ProjectSection(SolutionItems) = preProject
		..\.gitignore = ..\.gitignore
		..\LICENSE = ..\LICENSE
		..\README.md = ..\README.md
	EndProjectSection
EndProject
Global
	GlobalSection(SolutionConfigurationPlatforms) = preSolution
		Debug|Any CPU = Debug|Any CPU
		Release|Any CPU = Release|Any CPU
	EndGlobalSection
	GlobalSection(ProjectConfigurationPlatforms) = postSolution
		{7F566E6B-60C9-4610-8D06-0EE3B9CB2A72}.Debug|Any CPU.ActiveCfg = Debug|Any CPU
		{7F566E6B-60C9-4610-8D06-0EE3B9CB2A72}.Debug|Any CPU.Build.0 = Debug|Any CPU
		{7F566E6B-60C9-4610-8D06-0EE3B9CB2A72}.Release|Any CPU.ActiveCfg = Release|Any CPU
		{7F566E6B-60C9-4610-8D06-0EE3B9CB2A72}.Release|Any CPU.Build.0 = Release|Any CPU
	EndGlobalSection
	GlobalSection(SolutionProperties) = preSolution
		HideSolutionNode = FALSE
	EndGlobalSection
	GlobalSection(NestedProjects) = preSolution
		{7F566E6B-60C9-4610-8D06-0EE3B9CB2A72} = {D04FB245-389F-4E33-8B1E-54DD7F2A9E58}
	EndGlobalSection
	GlobalSection(ExtensibilityGlobals) = postSolution
		SolutionGuid = {F9F222F2-2393-42CC-8619-DA98E1A8F238}
	EndGlobalSection
EndGlobal
